
Microsoft Visual Studio Solution File, Format Version 12.00
# Visual Studio Version 17
VisualStudioVersion = 17.4.32912.340
MinimumVisualStudioVersion = 10.0.40219.1
Project("{9A19103F-16F7-4668-BE54-9A1E7A4F7556}") = "NewcomersTask.Web", "src\NewcomersTask.Web\NewcomersTask.Web.csproj", "{2287C716-F09D-42D8-B126-A5F09D826E99}"
EndProject
Project("{9A19103F-16F7-4668-BE54-9A1E7A4F7556}") = "NewcomersTask.DB", "src\NewcomersTask.DB\NewcomersTask.DB.csproj", "{10AEFB39-DB92-454F-B5CD-89BE286C040A}"
EndProject
Project("{9A19103F-16F7-4668-BE54-9A1E7A4F7556}") = "NewcomersTask.Host", "src\NewcomersTask.Host\NewcomersTask.Host.csproj", "{1D821F1A-01ED-4F1E-9F31-618C542A8312}"
EndProject
Project("{9A19103F-16F7-4668-BE54-9A1E7A4F7556}") = "NewcomersTask.Models", "src\NewcomersTask.Models\NewcomersTask.Models.csproj", "{46050D19-8837-4AE8-9F7B-49CED7B33C2F}"
EndProject
Project("{FAE04EC0-301F-11D3-BF4B-00C04F79EFBC}") = "NewcomersTask.BL", "src\NewcomersTask.BL\NewcomersTask.BL.csproj", "{093010D5-0CBC-408C-BCE9-639C88A6FF2F}"
EndProject
Global
	GlobalSection(SolutionConfigurationPlatforms) = preSolution
		Debug|Any CPU = Debug|Any CPU
		Release|Any CPU = Release|Any CPU
	EndGlobalSection
	GlobalSection(ProjectConfigurationPlatforms) = postSolution
		{2287C716-F09D-42D8-B126-A5F09D826E99}.Debug|Any CPU.ActiveCfg = Debug|Any CPU
		{2287C716-F09D-42D8-B126-A5F09D826E99}.Debug|Any CPU.Build.0 = Debug|Any CPU
		{2287C716-F09D-42D8-B126-A5F09D826E99}.Release|Any CPU.ActiveCfg = Release|Any CPU
		{2287C716-F09D-42D8-B126-A5F09D826E99}.Release|Any CPU.Build.0 = Release|Any CPU
		{10AEFB39-DB92-454F-B5CD-89BE286C040A}.Debug|Any CPU.ActiveCfg = Debug|Any CPU
		{10AEFB39-DB92-454F-B5CD-89BE286C040A}.Debug|Any CPU.Build.0 = Debug|Any CPU
		{10AEFB39-DB92-454F-B5CD-89BE286C040A}.Release|Any CPU.ActiveCfg = Release|Any CPU
		{10AEFB39-DB92-454F-B5CD-89BE286C040A}.Release|Any CPU.Build.0 = Release|Any CPU
		{1D821F1A-01ED-4F1E-9F31-618C542A8312}.Debug|Any CPU.ActiveCfg = Debug|Any CPU
		{1D821F1A-01ED-4F1E-9F31-618C542A8312}.Debug|Any CPU.Build.0 = Debug|Any CPU
		{1D821F1A-01ED-4F1E-9F31-618C542A8312}.Release|Any CPU.ActiveCfg = Release|Any CPU
		{1D821F1A-01ED-4F1E-9F31-618C542A8312}.Release|Any CPU.Build.0 = Release|Any CPU
		{46050D19-8837-4AE8-9F7B-49CED7B33C2F}.Debug|Any CPU.ActiveCfg = Debug|Any CPU
		{46050D19-8837-4AE8-9F7B-49CED7B33C2F}.Debug|Any CPU.Build.0 = Debug|Any CPU
		{46050D19-8837-4AE8-9F7B-49CED7B33C2F}.Release|Any CPU.ActiveCfg = Release|Any CPU
		{46050D19-8837-4AE8-9F7B-49CED7B33C2F}.Release|Any CPU.Build.0 = Release|Any CPU
		{093010D5-0CBC-408C-BCE9-639C88A6FF2F}.Debug|Any CPU.ActiveCfg = Debug|Any CPU
		{093010D5-0CBC-408C-BCE9-639C88A6FF2F}.Debug|Any CPU.Build.0 = Debug|Any CPU
		{093010D5-0CBC-408C-BCE9-639C88A6FF2F}.Release|Any CPU.ActiveCfg = Release|Any CPU
		{093010D5-0CBC-408C-BCE9-639C88A6FF2F}.Release|Any CPU.Build.0 = Release|Any CPU
	EndGlobalSection
	GlobalSection(SolutionProperties) = preSolution
		HideSolutionNode = FALSE
	EndGlobalSection
	GlobalSection(ExtensibilityGlobals) = postSolution
		SolutionGuid = {4B139261-B396-4CD1-9C31-E4ACDDAD1693}
	EndGlobalSection
EndGlobal
